
Microsoft Visual Studio Solution File, Format Version 12.00
# Visual Studio Version 17
VisualStudioVersion = 17.7.34031.279
MinimumVisualStudioVersion = 10.0.40219.1
Project("{FAE04EC0-301F-11D3-BF4B-00C04F79EFBC}") = "lab1.3.11.number.kruchinina", "lab1.3.11.number.kruchinina\lab1.3.11.number.kruchinina.csproj", "{E4383548-A74F-4D6D-9B85-BA5A21FD3D08}"
EndProject
Global
	GlobalSection(SolutionConfigurationPlatforms) = preSolution
		Debug|Any CPU = Debug|Any CPU
		Release|Any CPU = Release|Any CPU
	EndGlobalSection
	GlobalSection(ProjectConfigurationPlatforms) = postSolution
		{E4383548-A74F-4D6D-9B85-BA5A21FD3D08}.Debug|Any CPU.ActiveCfg = Debug|Any CPU
		{E4383548-A74F-4D6D-9B85-BA5A21FD3D08}.Debug|Any CPU.Build.0 = Debug|Any CPU
		{E4383548-A74F-4D6D-9B85-BA5A21FD3D08}.Release|Any CPU.ActiveCfg = Release|Any CPU
		{E4383548-A74F-4D6D-9B85-BA5A21FD3D08}.Release|Any CPU.Build.0 = Release|Any CPU
	EndGlobalSection
	GlobalSection(SolutionProperties) = preSolution
		HideSolutionNode = FALSE
	EndGlobalSection
	GlobalSection(ExtensibilityGlobals) = postSolution
		SolutionGuid = {01F5D296-46F4-4358-B704-B9E5C66E864A}
	EndGlobalSection
EndGlobal
